
Microsoft Visual Studio Solution File, Format Version 12.00
# Visual Studio Version 16
VisualStudioVersion = 16.0.29519.87
MinimumVisualStudioVersion = 10.0.40219.1
Project("{FAE04EC0-301F-11D3-BF4B-00C04F79EFBC}") = "Kalkulacka", "Kalkulacka.csproj", "{CC4D2AB0-CE9C-4C69-9E50-D9E023D4F783}"
EndProject
Global
	GlobalSection(SolutionConfigurationPlatforms) = preSolution
		Debug|Any CPU = Debug|Any CPU
		Release|Any CPU = Release|Any CPU
	EndGlobalSection
	GlobalSection(ProjectConfigurationPlatforms) = postSolution
		{CC4D2AB0-CE9C-4C69-9E50-D9E023D4F783}.Debug|Any CPU.ActiveCfg = Debug|Any CPU
		{CC4D2AB0-CE9C-4C69-9E50-D9E023D4F783}.Debug|Any CPU.Build.0 = Debug|Any CPU
		{CC4D2AB0-CE9C-4C69-9E50-D9E023D4F783}.Release|Any CPU.ActiveCfg = Release|Any CPU
		{CC4D2AB0-CE9C-4C69-9E50-D9E023D4F783}.Release|Any CPU.Build.0 = Release|Any CPU
	EndGlobalSection
	GlobalSection(SolutionProperties) = preSolution
		HideSolutionNode = FALSE
	EndGlobalSection
	GlobalSection(ExtensibilityGlobals) = postSolution
		SolutionGuid = {C0A59863-352A-4804-A4F7-851F139CBDA4}
	EndGlobalSection
EndGlobal
